
Microsoft Visual Studio Solution File, Format Version 12.00
# Visual Studio Version 16
VisualStudioVersion = 16.0.32407.337
MinimumVisualStudioVersion = 10.0.40219.1
Project("{FAE04EC0-301F-11D3-BF4B-00C04F79EFBC}") = "GasGasGas", "GasGasGas\GasGasGas.csproj", "{97E65C8B-C934-42A7-AA43-4C5B5B529593}"
EndProject
Global
	GlobalSection(SolutionConfigurationPlatforms) = preSolution
		Debug|Any CPU = Debug|Any CPU
		Release|Any CPU = Release|Any CPU
	EndGlobalSection
	GlobalSection(ProjectConfigurationPlatforms) = postSolution
		{97E65C8B-C934-42A7-AA43-4C5B5B529593}.Debug|Any CPU.ActiveCfg = Debug|Any CPU
		{97E65C8B-C934-42A7-AA43-4C5B5B529593}.Debug|Any CPU.Build.0 = Debug|Any CPU
		{97E65C8B-C934-42A7-AA43-4C5B5B529593}.Release|Any CPU.ActiveCfg = Release|Any CPU
		{97E65C8B-C934-42A7-AA43-4C5B5B529593}.Release|Any CPU.Build.0 = Release|Any CPU
	EndGlobalSection
	GlobalSection(SolutionProperties) = preSolution
		HideSolutionNode = FALSE
	EndGlobalSection
	GlobalSection(ExtensibilityGlobals) = postSolution
		SolutionGuid = {75BF08A5-B66B-4D10-9B38-49C89523BE2E}
	EndGlobalSection
EndGlobal
