
Microsoft Visual Studio Solution File, Format Version 12.00
# Visual Studio Version 16
VisualStudioVersion = 16.0.32407.337
MinimumVisualStudioVersion = 10.0.40219.1
Project("{FAE04EC0-301F-11D3-BF4B-00C04F79EFBC}") = "TwentyOne", "TwentyOne\TwentyOne.csproj", "{B6068C6B-AEE7-42B6-A051-807DB2A29EDA}"
	ProjectSection(ProjectDependencies) = postProject
		{B45DAC51-4FF7-40DD-8BA7-24F0DFF88DEF} = {B45DAC51-4FF7-40DD-8BA7-24F0DFF88DEF}
	EndProjectSection
EndProject
Project("{FAE04EC0-301F-11D3-BF4B-00C04F79EFBC}") = "Casino", "Casino\Casino.csproj", "{B45DAC51-4FF7-40DD-8BA7-24F0DFF88DEF}"
EndProject
Global
	GlobalSection(SolutionConfigurationPlatforms) = preSolution
		Debug|Any CPU = Debug|Any CPU
		Release|Any CPU = Release|Any CPU
	EndGlobalSection
	GlobalSection(ProjectConfigurationPlatforms) = postSolution
		{B6068C6B-AEE7-42B6-A051-807DB2A29EDA}.Debug|Any CPU.ActiveCfg = Debug|Any CPU
		{B6068C6B-AEE7-42B6-A051-807DB2A29EDA}.Debug|Any CPU.Build.0 = Debug|Any CPU
		{B6068C6B-AEE7-42B6-A051-807DB2A29EDA}.Release|Any CPU.ActiveCfg = Release|Any CPU
		{B6068C6B-AEE7-42B6-A051-807DB2A29EDA}.Release|Any CPU.Build.0 = Release|Any CPU
		{B45DAC51-4FF7-40DD-8BA7-24F0DFF88DEF}.Debug|Any CPU.ActiveCfg = Debug|Any CPU
		{B45DAC51-4FF7-40DD-8BA7-24F0DFF88DEF}.Debug|Any CPU.Build.0 = Debug|Any CPU
		{B45DAC51-4FF7-40DD-8BA7-24F0DFF88DEF}.Release|Any CPU.ActiveCfg = Release|Any CPU
		{B45DAC51-4FF7-40DD-8BA7-24F0DFF88DEF}.Release|Any CPU.Build.0 = Release|Any CPU
	EndGlobalSection
	GlobalSection(SolutionProperties) = preSolution
		HideSolutionNode = FALSE
	EndGlobalSection
	GlobalSection(ExtensibilityGlobals) = postSolution
		SolutionGuid = {FAECAFA2-BBA4-45B0-BF76-A1C05FC557F4}
	EndGlobalSection
EndGlobal
