
Microsoft Visual Studio Solution File, Format Version 12.00
# Visual Studio Version 16
VisualStudioVersion = 16.0.32407.337
MinimumVisualStudioVersion = 10.0.40219.1
Project("{FAE04EC0-301F-11D3-BF4B-00C04F79EFBC}") = "VoidMethod", "VoidMethod\VoidMethod.csproj", "{6E25C49C-665C-4A2F-9765-28EFE1C91AFB}"
EndProject
Global
	GlobalSection(SolutionConfigurationPlatforms) = preSolution
		Debug|Any CPU = Debug|Any CPU
		Release|Any CPU = Release|Any CPU
	EndGlobalSection
	GlobalSection(ProjectConfigurationPlatforms) = postSolution
		{6E25C49C-665C-4A2F-9765-28EFE1C91AFB}.Debug|Any CPU.ActiveCfg = Debug|Any CPU
		{6E25C49C-665C-4A2F-9765-28EFE1C91AFB}.Debug|Any CPU.Build.0 = Debug|Any CPU
		{6E25C49C-665C-4A2F-9765-28EFE1C91AFB}.Release|Any CPU.ActiveCfg = Release|Any CPU
		{6E25C49C-665C-4A2F-9765-28EFE1C91AFB}.Release|Any CPU.Build.0 = Release|Any CPU
	EndGlobalSection
	GlobalSection(SolutionProperties) = preSolution
		HideSolutionNode = FALSE
	EndGlobalSection
	GlobalSection(ExtensibilityGlobals) = postSolution
		SolutionGuid = {AA63BA18-6775-42A9-A466-8B3F019B50C8}
	EndGlobalSection
EndGlobal
