
Microsoft Visual Studio Solution File, Format Version 12.00
# Visual Studio Version 16
VisualStudioVersion = 16.0.32407.337
MinimumVisualStudioVersion = 10.0.40219.1
Project("{FAE04EC0-301F-11D3-BF4B-00C04F79EFBC}") = "TechAcadStudentsMVC", "TechAcadStudentsMVC\TechAcadStudentsMVC.csproj", "{DDC2F520-EE88-4CF8-A21D-DD425561EE25}"
EndProject
Global
	GlobalSection(SolutionConfigurationPlatforms) = preSolution
		Debug|Any CPU = Debug|Any CPU
		Release|Any CPU = Release|Any CPU
	EndGlobalSection
	GlobalSection(ProjectConfigurationPlatforms) = postSolution
		{DDC2F520-EE88-4CF8-A21D-DD425561EE25}.Debug|Any CPU.ActiveCfg = Debug|Any CPU
		{DDC2F520-EE88-4CF8-A21D-DD425561EE25}.Debug|Any CPU.Build.0 = Debug|Any CPU
		{DDC2F520-EE88-4CF8-A21D-DD425561EE25}.Release|Any CPU.ActiveCfg = Release|Any CPU
		{DDC2F520-EE88-4CF8-A21D-DD425561EE25}.Release|Any CPU.Build.0 = Release|Any CPU
	EndGlobalSection
	GlobalSection(SolutionProperties) = preSolution
		HideSolutionNode = FALSE
	EndGlobalSection
	GlobalSection(ExtensibilityGlobals) = postSolution
		SolutionGuid = {2BBA18F1-6744-44BE-890B-2DCA58CEB4D1}
	EndGlobalSection
EndGlobal
