
Microsoft Visual Studio Solution File, Format Version 12.00
# Visual Studio Version 16
VisualStudioVersion = 16.0.32407.337
MinimumVisualStudioVersion = 10.0.40219.1
Project("{FAE04EC0-301F-11D3-BF4B-00C04F79EFBC}") = "ExceptionHandling", "ExceptionHandling\ExceptionHandling.csproj", "{8A158FC5-B748-4B7B-BBF7-D2C6212E9F6B}"
EndProject
Global
	GlobalSection(SolutionConfigurationPlatforms) = preSolution
		Debug|Any CPU = Debug|Any CPU
		Release|Any CPU = Release|Any CPU
	EndGlobalSection
	GlobalSection(ProjectConfigurationPlatforms) = postSolution
		{8A158FC5-B748-4B7B-BBF7-D2C6212E9F6B}.Debug|Any CPU.ActiveCfg = Debug|Any CPU
		{8A158FC5-B748-4B7B-BBF7-D2C6212E9F6B}.Debug|Any CPU.Build.0 = Debug|Any CPU
		{8A158FC5-B748-4B7B-BBF7-D2C6212E9F6B}.Release|Any CPU.ActiveCfg = Release|Any CPU
		{8A158FC5-B748-4B7B-BBF7-D2C6212E9F6B}.Release|Any CPU.Build.0 = Release|Any CPU
	EndGlobalSection
	GlobalSection(SolutionProperties) = preSolution
		HideSolutionNode = FALSE
	EndGlobalSection
	GlobalSection(ExtensibilityGlobals) = postSolution
		SolutionGuid = {B9BBF8F4-7A91-496D-99AE-CBF0CC05AC6C}
	EndGlobalSection
EndGlobal
